
Microsoft Visual Studio Solution File, Format Version 12.00
# Visual Studio Version 17
VisualStudioVersion = 17.13.35825.156 d17.13
MinimumVisualStudioVersion = 10.0.40219.1
Project("{FAE04EC0-301F-11D3-BF4B-00C04F79EFBC}") = "project_hana", "project_hana.csproj", "{D8C48008-5078-4DF4-B414-C550A51B4409}"
EndProject
Global
	GlobalSection(SolutionConfigurationPlatforms) = preSolution
		Debug|Any CPU = Debug|Any CPU
		Release|Any CPU = Release|Any CPU
	EndGlobalSection
	GlobalSection(ProjectConfigurationPlatforms) = postSolution
		{D8C48008-5078-4DF4-B414-C550A51B4409}.Debug|Any CPU.ActiveCfg = Debug|Any CPU
		{D8C48008-5078-4DF4-B414-C550A51B4409}.Debug|Any CPU.Build.0 = Debug|Any CPU
		{D8C48008-5078-4DF4-B414-C550A51B4409}.Release|Any CPU.ActiveCfg = Release|Any CPU
		{D8C48008-5078-4DF4-B414-C550A51B4409}.Release|Any CPU.Build.0 = Release|Any CPU
	EndGlobalSection
	GlobalSection(SolutionProperties) = preSolution
		HideSolutionNode = FALSE
	EndGlobalSection
	GlobalSection(ExtensibilityGlobals) = postSolution
		SolutionGuid = {63685C85-77E3-4098-9B4E-F670FE0E8B69}
	EndGlobalSection
EndGlobal
